// !$*UTF8*$!
{
	archiveVersion = 1;
	classes = {
	};
	objectVersion = 50;
	objects = {

/* Begin PBXBuildFile section */
		8C1A8297247D8DED00CD6B15 /* AppDelegate.swift in Sources */ = {isa = PBXBuildFile; fileRef = 8C1A8296247D8DED00CD6B15 /* AppDelegate.swift */; };
		8C1A8299247D8DED00CD6B15 /* SceneDelegate.swift in Sources */ = {isa = PBXBuildFile; fileRef = 8C1A8298247D8DED00CD6B15 /* SceneDelegate.swift */; };
		8C1A829B247D8DED00CD6B15 /* ViewController.swift in Sources */ = {isa = PBXBuildFile; fileRef = 8C1A829A247D8DED00CD6B15 /* ViewController.swift */; };
		8C1A829E247D8DED00CD6B15 /* Main.storyboard in Resources */ = {isa = PBXBuildFile; fileRef = 8C1A829C247D8DED00CD6B15 /* Main.storyboard */; };
		8C1A82A0247D8DEE00CD6B15 /* Assets.xcassets in Resources */ = {isa = PBXBuildFile; fileRef = 8C1A829F247D8DEE00CD6B15 /* Assets.xcassets */; };
		8C1A82A3247D8DEE00CD6B15 /* LaunchScreen.storyboard in Resources */ = {isa = PBXBuildFile; fileRef = 8C1A82A1247D8DEE00CD6B15 /* LaunchScreen.storyboard */; };
/* End PBXBuildFile section */

/* Begin PBXFileReference section */
		8C1A8293247D8DED00CD6B15 /* iTunesAPiSearch.app */ = {isa = PBXFileReference; explicitFileType = wrapper.application; includeInIndex = 0; path = iTunesAPiSearch.app; sourceTree = BUILT_PRODUCTS_DIR; };
		8C1A8296247D8DED00CD6B15 /* AppDelegate.swift */ = {isa = PBXFileReference; lastKnownFileType = sourcecode.swift; path = AppDelegate.swift; sourceTree = "<group>"; };
		8C1A8298247D8DED00CD6B15 /* SceneDelegate.swift */ = {isa = PBXFileReference; lastKnownFileType = sourcecode.swift; path = SceneDelegate.swift; sourceTree = "<group>"; };
		8C1A829A247D8DED00CD6B15 /* ViewController.swift */ = {isa = PBXFileReference; lastKnownFileType = sourcecode.swift; path = ViewController.swift; sourceTree = "<group>"; };
		8C1A829D247D8DED00CD6B15 /* Base */ = {isa = PBXFileReference; lastKnownFileType = file.storyboard; name = Base; path = Base.lproj/Main.storyboard; sourceTree = "<group>"; };
		8C1A829F247D8DEE00CD6B15 /* Assets.xcassets */ = {isa = PBXFileReference; lastKnownFileType = folder.assetcatalog; path = Assets.xcassets; sourceTree = "<group>"; };
		8C1A82A2247D8DEE00CD6B15 /* Base */ = {isa = PBXFileReference; lastKnownFileType = file.storyboard; name = Base; path = Base.lproj/LaunchScreen.storyboard; sourceTree = "<group>"; };
		8C1A82A4247D8DEE00CD6B15 /* Info.plist */ = {isa = PBXFileReference; lastKnownFileType = text.plist.xml; path = Info.plist; sourceTree = "<group>"; };
/* End PBXFileReference section */

/* Begin PBXFrameworksBuildPhase section */
		8C1A8290247D8DED00CD6B15 /* Frameworks */ = {
			isa = PBXFrameworksBuildPhase;
			buildActionMask = 2147483647;
			files = (
			);
			runOnlyForDeploymentPostprocessing = 0;
		};
/* End PBXFrameworksBuildPhase section */

/* Begin PBXGroup section */
		8C1A828A247D8DED00CD6B15 = {
			isa = PBXGroup;
			children = (
				8C1A8295247D8DED00CD6B15 /* iTunesAPiSearch */,
				8C1A8294247D8DED00CD6B15 /* Products */,
			);
			sourceTree = "<group>";
		};
		8C1A8294247D8DED00CD6B15 /* Products */ = {
			isa = PBXGroup;
			children = (
				8C1A8293247D8DED00CD6B15 /* iTunesAPiSearch.app */,
			);
			name = Products;
			sourceTree = "<group>";
		};
		8C1A8295247D8DED00CD6B15 /* iTunesAPiSearch */ = {
			isa = PBXGroup;
			children = (
				8C1A8296247D8DED00CD6B15 /* AppDelegate.swift */,
				8C1A8298247D8DED00CD6B15 /* SceneDelegate.swift */,
				8C1A829A247D8DED00CD6B15 /* ViewController.swift */,
				8C1A829C247D8DED00CD6B15 /* Main.storyboard */,
				8C1A829F247D8DEE00CD6B15 /* Assets.xcassets */,
				8C1A82A1247D8DEE00CD6B15 /* LaunchScreen.storyboard */,
				8C1A82A4247D8DEE00CD6B15 /* Info.plist */,
			);
			path = iTunesAPiSearch;
			sourceTree = "<group>";
		};
/* End PBXGroup section */

/* Begin PBXNativeTarget section */
		8C1A8292247D8DED00CD6B15 /* iTunesAPiSearch */ = {
			isa = PBXNativeTarget;
			buildConfigurationList = 8C1A82A7247D8DEE00CD6B15 /* Build configuration list for PBXNativeTarget "iTunesAPiSearch" */;
			buildPhases = (
				8C1A828F247D8DED00CD6B15 /* Sources */,
				8C1A8290247D8DED00CD6B15 /* Frameworks */,
				8C1A8291247D8DED00CD6B15 /* Resources */,
			);
			buildRules = (
			);
			dependencies = (
			);
			name = iTunesAPiSearch;
			productName = iTunesAPiSearch;
			productReference = 8C1A8293247D8DED00CD6B15 /* iTunesAPiSearch.app */;
			productType = "com.apple.product-type.application";
		};
/* End PBXNativeTarget section */

/* Begin PBXProject section */
		8C1A828B247D8DED00CD6B15 /* Project object */ = {
			isa = PBXProject;
			attributes = {
				LastSwiftUpdateCheck = 1130;
				LastUpgradeCheck = 1130;
				ORGANIZATIONNAME = Kuba;
				TargetAttributes = {
					8C1A8292247D8DED00CD6B15 = {
						CreatedOnToolsVersion = 11.3.1;
					};
				};
			};
			buildConfigurationList = 8C1A828E247D8DED00CD6B15 /* Build configuration list for PBXProject "iTunesAPiSearch" */;
			compatibilityVersion = "Xcode 9.3";
			developmentRegion = en;
			hasScannedForEncodings = 0;
			knownRegions = (
				en,
				Base,
			);
			mainGroup = 8C1A828A247D8DED00CD6B15;
			productRefGroup = 8C1A8294247D8DED00CD6B15 /* Products */;
			projectDirPath = "";
			projectRoot = "";
			targets = (
				8C1A8292247D8DED00CD6B15 /* iTunesAPiSearch */,
			);
		};
/* End PBXProject section */

/* Begin PBXResourcesBuildPhase section */
		8C1A8291247D8DED00CD6B15 /* Resources */ = {
			isa = PBXResourcesBuildPhase;
			buildActionMask = 2147483647;
			files = (
				8C1A82A3247D8DEE00CD6B15 /* LaunchScreen.storyboard in Resources */,
				8C1A82A0247D8DEE00CD6B15 /* Assets.xcassets in Resources */,
				8C1A829E247D8DED00CD6B15 /* Main.storyboard in Resources */,
			);
			runOnlyForDeploymentPostprocessing = 0;
		};
/* End PBXResourcesBuildPhase section */

/* Begin PBXSourcesBuildPhase section */
		8C1A828F247D8DED00CD6B15 /* Sources */ = {
			isa = PBXSourcesBuildPhase;
			buildActionMask = 2147483647;
			files = (
				8C1A829B247D8DED00CD6B15 /* ViewController.swift in Sources */,
				8C1A8297247D8DED00CD6B15 /* AppDelegate.swift in Sources */,
				8C1A8299247D8DED00CD6B15 /* SceneDelegate.swift in Sources */,
			);
			runOnlyForDeploymentPostprocessing = 0;
		};
/* End PBXSourcesBuildPhase section */

/* Begin PBXVariantGroup section */
		8C1A829C247D8DED00CD6B15 /* Main.storyboard */ = {
			isa = PBXVariantGroup;
			children = (
				8C1A829D247D8DED00CD6B15 /* Base */,
			);
			name = Main.storyboard;
			sourceTree = "<group>";
		};
		8C1A82A1247D8DEE00CD6B15 /* LaunchScreen.storyboard */ = {
			isa = PBXVariantGroup;
			children = (
				8C1A82A2247D8DEE00CD6B15 /* Base */,
			);
			name = LaunchScreen.storyboard;
			sourceTree = "<group>";
		};
/* End PBXVariantGroup section */

/* Begin XCBuildConfiguration section */
		8C1A82A5247D8DEE00CD6B15 /* Debug */ = {
			isa = XCBuildConfiguration;
			buildSettings = {
				ALWAYS_SEARCH_USER_PATHS = NO;
				CLANG_ANALYZER_NONNULL = YES;
				CLANG_ANALYZER_NUMBER_OBJECT_CONVERSION = YES_AGGRESSIVE;
				CLANG_CXX_LANGUAGE_STANDARD = "gnu++14";
				CLANG_CXX_LIBRARY = "libc++";
				CLANG_ENABLE_MODULES = YES;
				CLANG_ENABLE_OBJC_ARC = YES;
				CLANG_ENABLE_OBJC_WEAK = YES;
				CLANG_WARN_BLOCK_CAPTURE_AUTORELEASING = YES;
				CLANG_WARN_BOOL_CONVERSION = YES;
				CLANG_WARN_COMMA = YES;
				CLANG_WARN_CONSTANT_CONVERSION = YES;
				CLANG_WARN_DEPRECATED_OBJC_IMPLEMENTATIONS = YES;
				CLANG_WARN_DIRECT_OBJC_ISA_USAGE = YES_ERROR;
				CLANG_WARN_DOCUMENTATION_COMMENTS = YES;
				CLANG_WARN_EMPTY_BODY = YES;
				CLANG_WARN_ENUM_CONVERSION = YES;
				CLANG_WARN_INFINITE_RECURSION = YES;
				CLANG_WARN_INT_CONVERSION = YES;
				CLANG_WARN_NON_LITERAL_NULL_CONVERSION = YES;
				CLANG_WARN_OBJC_IMPLICIT_RETAIN_SELF = YES;
				CLANG_WARN_OBJC_LITERAL_CONVERSION = YES;
				CLANG_WARN_OBJC_ROOT_CLASS = YES_ERROR;
				CLANG_WARN_RANGE_LOOP_ANALYSIS = YES;
				CLANG_WARN_STRICT_PROTOTYPES = YES;
				CLANG_WARN_SUSPICIOUS_MOVE = YES;
				CLANG_WARN_UNGUARDED_AVAILABILITY = YES_AGGRESSIVE;
				CLANG_WARN_UNREACHABLE_CODE = YES;
				CLANG_WARN__DUPLICATE_METHOD_MATCH = YES;
				COPY_PHASE_STRIP = NO;
				DEBUG_INFORMATION_FORMAT = dwarf;
				ENABLE_STRICT_OBJC_MSGSEND = YES;
				ENABLE_TESTABILITY = YES;
				GCC_C_LANGUAGE_STANDARD = gnu11;
				GCC_DYNAMIC_NO_PIC = NO;
				GCC_NO_COMMON_BLOCKS = YES;
				GCC_OPTIMIZATION_LEVEL = 0;
				GCC_PREPROCESSOR_DEFINITIONS = (
					"DEBUG=1",
					"$(inherited)",
				);
				GCC_WARN_64_TO_32_BIT_CONVERSION = YES;
				GCC_WARN_ABOUT_RETURN_TYPE = YES_ERROR;
				GCC_WARN_UNDECLARED_SELECTOR = YES;
				GCC_WARN_UNINITIALIZED_AUTOS = YES_AGGRESSIVE;
				GCC_WARN_UNUSED_FUNCTION = YES;
				GCC_WARN_UNUSED_VARIABLE = YES;
				IPHONEOS_DEPLOYMENT_TARGET = 13.2;
				MTL_ENABLE_DEBUG_INFO = INCLUDE_SOURCE;
				MTL_FAST_MATH = YES;
				ONLY_ACTIVE_ARCH = YES;
				SDKROOT = iphoneos;
				SWIFT_ACTIVE_COMPILATION_CONDITIONS = DEBUG;
				SWIFT_OPTIMIZATION_LEVEL = "-Onone";
			};
			name = Debug;
		};
		8C1A82A6247D8DEE00CD6B15 /* Release */ = {
			isa = XCBuildConfiguration;
			buildSettings = {
				ALWAYS_SEARCH_USER_PATHS = NO;
				CLANG_ANALYZER_NONNULL = YES;
				CLANG_ANALYZER_NUMBER_OBJECT_CONVERSION = YES_AGGRESSIVE;
				CLANG_CXX_LANGUAGE_STANDARD = "gnu++14";
				CLANG_CXX_LIBRARY = "libc++";
				CLANG_ENABLE_MODULES = YES;
				CLANG_ENABLE_OBJC_ARC = YES;
				CLANG_ENABLE_OBJC_WEAK = YES;
				CLANG_WARN_BLOCK_CAPTURE_AUTORELEASING = YES;
				CLANG_WARN_BOOL_CONVERSION = YES;
				CLANG_WARN_COMMA = YES;
				CLANG_WARN_CONSTANT_CONVERSION = YES;
				CLANG_WARN_DEPRECATED_OBJC_IMPLEMENTATIONS = YES;
				CLANG_WARN_DIRECT_OBJC_ISA_USAGE = YES_ERROR;
				CLANG_WARN_DOCUMENTATION_COMMENTS = YES;
				CLANG_WARN_EMPTY_BODY = YES;
				CLANG_WARN_ENUM_CONVERSION = YES;
				CLANG_WARN_INFINITE_RECURSION = YES;
				CLANG_WARN_INT_CONVERSION = YES;
				CLANG_WARN_NON_LITERAL_NULL_CONVERSION = YES;
				CLANG_WARN_OBJC_IMPLICIT_RETAIN_SELF = YES;
				CLANG_WARN_OBJC_LITERAL_CONVERSION = YES;
				CLANG_WARN_OBJC_ROOT_CLASS = YES_ERROR;
				CLANG_WARN_RANGE_LOOP_ANALYSIS = YES;
				CLANG_WARN_STRICT_PROTOTYPES = YES;
				CLANG_WARN_SUSPICIOUS_MOVE = YES;
				CLANG_WARN_UNGUARDED_AVAILABILITY = YES_AGGRESSIVE;
				CLANG_WARN_UNREACHABLE_CODE = YES;
				CLANG_WARN__DUPLICATE_METHOD_MATCH = YES;
				COPY_PHASE_STRIP = NO;
				DEBUG_INFORMATION_FORMAT = "dwarf-with-dsym";
				ENABLE_NS_ASSERTIONS = NO;
				ENABLE_STRICT_OBJC_MSGSEND = YES;
				GCC_C_LANGUAGE_STANDARD = gnu11;
				GCC_NO_COMMON_BLOCKS = YES;
				GCC_WARN_64_TO_32_BIT_CONVERSION = YES;
				GCC_WARN_ABOUT_RETURN_TYPE = YES_ERROR;
				GCC_WARN_UNDECLARED_SELECTOR = YES;
				GCC_WARN_UNINITIALIZED_AUTOS = YES_AGGRESSIVE;
				GCC_WARN_UNUSED_FUNCTION = YES;
				GCC_WARN_UNUSED_VARIABLE = YES;
				IPHONEOS_DEPLOYMENT_TARGET = 13.2;
				MTL_ENABLE_DEBUG_INFO = NO;
				MTL_FAST_MATH = YES;
				SDKROOT = iphoneos;
				SWIFT_COMPILATION_MODE = wholemodule;
				SWIFT_OPTIMIZATION_LEVEL = "-O";
				VALIDATE_PRODUCT = YES;
			};
			name = Release;
		};
		8C1A82A8247D8DEE00CD6B15 /* Debug */ = {
			isa = XCBuildConfiguration;
			buildSettings = {
				ASSETCATALOG_COMPILER_APPICON_NAME = AppIcon;
				CODE_SIGN_STYLE = Automatic;
				INFOPLIST_FILE = iTunesAPiSearch/Info.plist;
				LD_RUNPATH_SEARCH_PATHS = (
					"$(inherited)",
					"@executable_path/Frameworks",
				);
				PRODUCT_BUNDLE_IDENTIFIER = kuba.iTunesAPiSearch;
				PRODUCT_NAME = "$(TARGET_NAME)";
				SWIFT_VERSION = 5.0;
				TARGETED_DEVICE_FAMILY = "1,2";
			};
			name = Debug;
		};
		8C1A82A9247D8DEE00CD6B15 /* Release */ = {
			isa = XCBuildConfiguration;
			buildSettings = {
				ASSETCATALOG_COMPILER_APPICON_NAME = AppIcon;
				CODE_SIGN_STYLE = Automatic;
				INFOPLIST_FILE = iTunesAPiSearch/Info.plist;
				LD_RUNPATH_SEARCH_PATHS = (
					"$(inherited)",
					"@executable_path/Frameworks",
				);
				PRODUCT_BUNDLE_IDENTIFIER = kuba.iTunesAPiSearch;
				PRODUCT_NAME = "$(TARGET_NAME)";
				SWIFT_VERSION = 5.0;
				TARGETED_DEVICE_FAMILY = "1,2";
			};
			name = Release;
		};
/* End XCBuildConfiguration section */

/* Begin XCConfigurationList section */
		8C1A828E247D8DED00CD6B15 /* Build configuration list for PBXProject "iTunesAPiSearch" */ = {
			isa = XCConfigurationList;
			buildConfigurations = (
				8C1A82A5247D8DEE00CD6B15 /* Debug */,
				8C1A82A6247D8DEE00CD6B15 /* Release */,
			);
			defaultConfigurationIsVisible = 0;
			defaultConfigurationName = Release;
		};
		8C1A82A7247D8DEE00CD6B15 /* Build configuration list for PBXNativeTarget "iTunesAPiSearch" */ = {
			isa = XCConfigurationList;
			buildConfigurations = (
				8C1A82A8247D8DEE00CD6B15 /* Debug */,
				8C1A82A9247D8DEE00CD6B15 /* Release */,
			);
			defaultConfigurationIsVisible = 0;
			defaultConfigurationName = Release;
		};
/* End XCConfigurationList section */
	};
	rootObject = 8C1A828B247D8DED00CD6B15 /* Project object */;
}
