// !$*UTF8*$!
{
	archiveVersion = 1;
	classes = {
	};
	objectVersion = 50;
	objects = {

/* Begin PBXBuildFile section */
		2A3EA67123ABE84A0035CEC7 /* AppDelegate.swift in Sources */ = {isa = PBXBuildFile; fileRef = 2A3EA67023ABE84A0035CEC7 /* AppDelegate.swift */; };
		2A3EA67323ABE84A0035CEC7 /* SceneDelegate.swift in Sources */ = {isa = PBXBuildFile; fileRef = 2A3EA67223ABE84A0035CEC7 /* SceneDelegate.swift */; };
		2A3EA67523ABE84A0035CEC7 /* ITunesTableViewController.swift in Sources */ = {isa = PBXBuildFile; fileRef = 2A3EA67423ABE84A0035CEC7 /* ITunesTableViewController.swift */; };
		2A3EA67823ABE84A0035CEC7 /* Main.storyboard in Resources */ = {isa = PBXBuildFile; fileRef = 2A3EA67623ABE84A0035CEC7 /* Main.storyboard */; };
		2A3EA67A23ABE84B0035CEC7 /* Assets.xcassets in Resources */ = {isa = PBXBuildFile; fileRef = 2A3EA67923ABE84B0035CEC7 /* Assets.xcassets */; };
		2A3EA67D23ABE84B0035CEC7 /* LaunchScreen.storyboard in Resources */ = {isa = PBXBuildFile; fileRef = 2A3EA67B23ABE84B0035CEC7 /* LaunchScreen.storyboard */; };
		2A3EA68523ABEDA70035CEC7 /* ITunesDataModel.swift in Sources */ = {isa = PBXBuildFile; fileRef = 2A3EA68423ABEDA70035CEC7 /* ITunesDataModel.swift */; };
		2A3EA68723ABEF3D0035CEC7 /* ITunesRequest.swift in Sources */ = {isa = PBXBuildFile; fileRef = 2A3EA68623ABEF3C0035CEC7 /* ITunesRequest.swift */; };
		8C1D8BF42475AAD0007442B3 /* ViewController.swift in Sources */ = {isa = PBXBuildFile; fileRef = 8C1D8BF32475AAD0007442B3 /* ViewController.swift */; };
/* End PBXBuildFile section */

/* Begin PBXFileReference section */
		2A3EA66D23ABE84A0035CEC7 /* ITunesAPISearch.app */ = {isa = PBXFileReference; explicitFileType = wrapper.application; includeInIndex = 0; path = ITunesAPISearch.app; sourceTree = BUILT_PRODUCTS_DIR; };
		2A3EA67023ABE84A0035CEC7 /* AppDelegate.swift */ = {isa = PBXFileReference; lastKnownFileType = sourcecode.swift; path = AppDelegate.swift; sourceTree = "<group>"; };
		2A3EA67223ABE84A0035CEC7 /* SceneDelegate.swift */ = {isa = PBXFileReference; lastKnownFileType = sourcecode.swift; path = SceneDelegate.swift; sourceTree = "<group>"; };
		2A3EA67423ABE84A0035CEC7 /* ITunesTableViewController.swift */ = {isa = PBXFileReference; lastKnownFileType = sourcecode.swift; path = ITunesTableViewController.swift; sourceTree = "<group>"; };
		2A3EA67723ABE84A0035CEC7 /* Base */ = {isa = PBXFileReference; lastKnownFileType = file.storyboard; name = Base; path = Base.lproj/Main.storyboard; sourceTree = "<group>"; };
		2A3EA67923ABE84B0035CEC7 /* Assets.xcassets */ = {isa = PBXFileReference; lastKnownFileType = folder.assetcatalog; path = Assets.xcassets; sourceTree = "<group>"; };
		2A3EA67C23ABE84B0035CEC7 /* Base */ = {isa = PBXFileReference; lastKnownFileType = file.storyboard; name = Base; path = Base.lproj/LaunchScreen.storyboard; sourceTree = "<group>"; };
		2A3EA67E23ABE84B0035CEC7 /* Info.plist */ = {isa = PBXFileReference; lastKnownFileType = text.plist.xml; path = Info.plist; sourceTree = "<group>"; };
		2A3EA68423ABEDA70035CEC7 /* ITunesDataModel.swift */ = {isa = PBXFileReference; lastKnownFileType = sourcecode.swift; path = ITunesDataModel.swift; sourceTree = "<group>"; };
		2A3EA68623ABEF3C0035CEC7 /* ITunesRequest.swift */ = {isa = PBXFileReference; lastKnownFileType = sourcecode.swift; path = ITunesRequest.swift; sourceTree = "<group>"; };
		8C1D8BF32475AAD0007442B3 /* ViewController.swift */ = {isa = PBXFileReference; lastKnownFileType = sourcecode.swift; path = ViewController.swift; sourceTree = "<group>"; };
/* End PBXFileReference section */

/* Begin PBXFrameworksBuildPhase section */
		2A3EA66A23ABE84A0035CEC7 /* Frameworks */ = {
			isa = PBXFrameworksBuildPhase;
			buildActionMask = 2147483647;
			files = (
			);
			runOnlyForDeploymentPostprocessing = 0;
		};
/* End PBXFrameworksBuildPhase section */

/* Begin PBXGroup section */
		2A3EA66423ABE84A0035CEC7 = {
			isa = PBXGroup;
			children = (
				2A3EA66F23ABE84A0035CEC7 /* ITunesAPISearch */,
				2A3EA66E23ABE84A0035CEC7 /* Products */,
			);
			sourceTree = "<group>";
		};
		2A3EA66E23ABE84A0035CEC7 /* Products */ = {
			isa = PBXGroup;
			children = (
				2A3EA66D23ABE84A0035CEC7 /* ITunesAPISearch.app */,
			);
			name = Products;
			sourceTree = "<group>";
		};
		2A3EA66F23ABE84A0035CEC7 /* ITunesAPISearch */ = {
			isa = PBXGroup;
			children = (
				2A3EA67023ABE84A0035CEC7 /* AppDelegate.swift */,
				2A3EA67223ABE84A0035CEC7 /* SceneDelegate.swift */,
				2A3EA68423ABEDA70035CEC7 /* ITunesDataModel.swift */,
				2A3EA68623ABEF3C0035CEC7 /* ITunesRequest.swift */,
				2A3EA67423ABE84A0035CEC7 /* ITunesTableViewController.swift */,
				2A3EA67623ABE84A0035CEC7 /* Main.storyboard */,
				8C1D8BF32475AAD0007442B3 /* ViewController.swift */,
				2A3EA67923ABE84B0035CEC7 /* Assets.xcassets */,
				2A3EA67B23ABE84B0035CEC7 /* LaunchScreen.storyboard */,
				2A3EA67E23ABE84B0035CEC7 /* Info.plist */,
			);
			path = ITunesAPISearch;
			sourceTree = "<group>";
		};
/* End PBXGroup section */

/* Begin PBXNativeTarget section */
		2A3EA66C23ABE84A0035CEC7 /* ITunesAPISearch */ = {
			isa = PBXNativeTarget;
			buildConfigurationList = 2A3EA68123ABE84B0035CEC7 /* Build configuration list for PBXNativeTarget "ITunesAPISearch" */;
			buildPhases = (
				2A3EA66923ABE84A0035CEC7 /* Sources */,
				2A3EA66A23ABE84A0035CEC7 /* Frameworks */,
				2A3EA66B23ABE84A0035CEC7 /* Resources */,
			);
			buildRules = (
			);
			dependencies = (
			);
			name = ITunesAPISearch;
			productName = CalendarificAPI;
			productReference = 2A3EA66D23ABE84A0035CEC7 /* ITunesAPISearch.app */;
			productType = "com.apple.product-type.application";
		};
/* End PBXNativeTarget section */

/* Begin PBXProject section */
		2A3EA66523ABE84A0035CEC7 /* Project object */ = {
			isa = PBXProject;
			attributes = {
				KnownAssetTags = (
					XD,
				);
				LastSwiftUpdateCheck = 1130;
				LastUpgradeCheck = 1130;
				ORGANIZATIONNAME = "Cameron Partee";
				TargetAttributes = {
					2A3EA66C23ABE84A0035CEC7 = {
						CreatedOnToolsVersion = 11.3;
					};
				};
			};
			buildConfigurationList = 2A3EA66823ABE84A0035CEC7 /* Build configuration list for PBXProject "ITunesAPISearch" */;
			compatibilityVersion = "Xcode 9.3";
			developmentRegion = en;
			hasScannedForEncodings = 0;
			knownRegions = (
				en,
				Base,
			);
			mainGroup = 2A3EA66423ABE84A0035CEC7;
			productRefGroup = 2A3EA66E23ABE84A0035CEC7 /* Products */;
			projectDirPath = "";
			projectRoot = "";
			targets = (
				2A3EA66C23ABE84A0035CEC7 /* ITunesAPISearch */,
			);
		};
/* End PBXProject section */

/* Begin PBXResourcesBuildPhase section */
		2A3EA66B23ABE84A0035CEC7 /* Resources */ = {
			isa = PBXResourcesBuildPhase;
			buildActionMask = 2147483647;
			files = (
				2A3EA67D23ABE84B0035CEC7 /* LaunchScreen.storyboard in Resources */,
				2A3EA67A23ABE84B0035CEC7 /* Assets.xcassets in Resources */,
				2A3EA67823ABE84A0035CEC7 /* Main.storyboard in Resources */,
			);
			runOnlyForDeploymentPostprocessing = 0;
		};
/* End PBXResourcesBuildPhase section */

/* Begin PBXSourcesBuildPhase section */
		2A3EA66923ABE84A0035CEC7 /* Sources */ = {
			isa = PBXSourcesBuildPhase;
			buildActionMask = 2147483647;
			files = (
				8C1D8BF42475AAD0007442B3 /* ViewController.swift in Sources */,
				2A3EA67523ABE84A0035CEC7 /* ITunesTableViewController.swift in Sources */,
				2A3EA68723ABEF3D0035CEC7 /* ITunesRequest.swift in Sources */,
				2A3EA67123ABE84A0035CEC7 /* AppDelegate.swift in Sources */,
				2A3EA68523ABEDA70035CEC7 /* ITunesDataModel.swift in Sources */,
				2A3EA67323ABE84A0035CEC7 /* SceneDelegate.swift in Sources */,
			);
			runOnlyForDeploymentPostprocessing = 0;
		};
/* End PBXSourcesBuildPhase section */

/* Begin PBXVariantGroup section */
		2A3EA67623ABE84A0035CEC7 /* Main.storyboard */ = {
			isa = PBXVariantGroup;
			children = (
				2A3EA67723ABE84A0035CEC7 /* Base */,
			);
			name = Main.storyboard;
			sourceTree = "<group>";
		};
		2A3EA67B23ABE84B0035CEC7 /* LaunchScreen.storyboard */ = {
			isa = PBXVariantGroup;
			children = (
				2A3EA67C23ABE84B0035CEC7 /* Base */,
			);
			name = LaunchScreen.storyboard;
			sourceTree = "<group>";
		};
/* End PBXVariantGroup section */

/* Begin XCBuildConfiguration section */
		2A3EA67F23ABE84B0035CEC7 /* Debug */ = {
			isa = XCBuildConfiguration;
			buildSettings = {
				ALWAYS_SEARCH_USER_PATHS = NO;
				CLANG_ANALYZER_NONNULL = YES;
				CLANG_ANALYZER_NUMBER_OBJECT_CONVERSION = YES_AGGRESSIVE;
				CLANG_CXX_LANGUAGE_STANDARD = "gnu++14";
				CLANG_CXX_LIBRARY = "libc++";
				CLANG_ENABLE_MODULES = YES;
				CLANG_ENABLE_OBJC_ARC = YES;
				CLANG_ENABLE_OBJC_WEAK = YES;
				CLANG_WARN_BLOCK_CAPTURE_AUTORELEASING = YES;
				CLANG_WARN_BOOL_CONVERSION = YES;
				CLANG_WARN_COMMA = YES;
				CLANG_WARN_CONSTANT_CONVERSION = YES;
				CLANG_WARN_DEPRECATED_OBJC_IMPLEMENTATIONS = YES;
				CLANG_WARN_DIRECT_OBJC_ISA_USAGE = YES_ERROR;
				CLANG_WARN_DOCUMENTATION_COMMENTS = YES;
				CLANG_WARN_EMPTY_BODY = YES;
				CLANG_WARN_ENUM_CONVERSION = YES;
				CLANG_WARN_INFINITE_RECURSION = YES;
				CLANG_WARN_INT_CONVERSION = YES;
				CLANG_WARN_NON_LITERAL_NULL_CONVERSION = YES;
				CLANG_WARN_OBJC_IMPLICIT_RETAIN_SELF = YES;
				CLANG_WARN_OBJC_LITERAL_CONVERSION = YES;
				CLANG_WARN_OBJC_ROOT_CLASS = YES_ERROR;
				CLANG_WARN_RANGE_LOOP_ANALYSIS = YES;
				CLANG_WARN_STRICT_PROTOTYPES = YES;
				CLANG_WARN_SUSPICIOUS_MOVE = YES;
				CLANG_WARN_UNGUARDED_AVAILABILITY = YES_AGGRESSIVE;
				CLANG_WARN_UNREACHABLE_CODE = YES;
				CLANG_WARN__DUPLICATE_METHOD_MATCH = YES;
				COPY_PHASE_STRIP = NO;
				DEBUG_INFORMATION_FORMAT = dwarf;
				ENABLE_STRICT_OBJC_MSGSEND = YES;
				ENABLE_TESTABILITY = YES;
				GCC_C_LANGUAGE_STANDARD = gnu11;
				GCC_DYNAMIC_NO_PIC = NO;
				GCC_NO_COMMON_BLOCKS = YES;
				GCC_OPTIMIZATION_LEVEL = 0;
				GCC_PREPROCESSOR_DEFINITIONS = (
					"DEBUG=1",
					"$(inherited)",
				);
				GCC_WARN_64_TO_32_BIT_CONVERSION = YES;
				GCC_WARN_ABOUT_RETURN_TYPE = YES_ERROR;
				GCC_WARN_UNDECLARED_SELECTOR = YES;
				GCC_WARN_UNINITIALIZED_AUTOS = YES_AGGRESSIVE;
				GCC_WARN_UNUSED_FUNCTION = YES;
				GCC_WARN_UNUSED_VARIABLE = YES;
				IPHONEOS_DEPLOYMENT_TARGET = 13.2;
				MTL_ENABLE_DEBUG_INFO = INCLUDE_SOURCE;
				MTL_FAST_MATH = YES;
				ONLY_ACTIVE_ARCH = YES;
				SDKROOT = iphoneos;
				SWIFT_ACTIVE_COMPILATION_CONDITIONS = DEBUG;
				SWIFT_OPTIMIZATION_LEVEL = "-Onone";
			};
			name = Debug;
		};
		2A3EA68023ABE84B0035CEC7 /* Release */ = {
			isa = XCBuildConfiguration;
			buildSettings = {
				ALWAYS_SEARCH_USER_PATHS = NO;
				CLANG_ANALYZER_NONNULL = YES;
				CLANG_ANALYZER_NUMBER_OBJECT_CONVERSION = YES_AGGRESSIVE;
				CLANG_CXX_LANGUAGE_STANDARD = "gnu++14";
				CLANG_CXX_LIBRARY = "libc++";
				CLANG_ENABLE_MODULES = YES;
				CLANG_ENABLE_OBJC_ARC = YES;
				CLANG_ENABLE_OBJC_WEAK = YES;
				CLANG_WARN_BLOCK_CAPTURE_AUTORELEASING = YES;
				CLANG_WARN_BOOL_CONVERSION = YES;
				CLANG_WARN_COMMA = YES;
				CLANG_WARN_CONSTANT_CONVERSION = YES;
				CLANG_WARN_DEPRECATED_OBJC_IMPLEMENTATIONS = YES;
				CLANG_WARN_DIRECT_OBJC_ISA_USAGE = YES_ERROR;
				CLANG_WARN_DOCUMENTATION_COMMENTS = YES;
				CLANG_WARN_EMPTY_BODY = YES;
				CLANG_WARN_ENUM_CONVERSION = YES;
				CLANG_WARN_INFINITE_RECURSION = YES;
				CLANG_WARN_INT_CONVERSION = YES;
				CLANG_WARN_NON_LITERAL_NULL_CONVERSION = YES;
				CLANG_WARN_OBJC_IMPLICIT_RETAIN_SELF = YES;
				CLANG_WARN_OBJC_LITERAL_CONVERSION = YES;
				CLANG_WARN_OBJC_ROOT_CLASS = YES_ERROR;
				CLANG_WARN_RANGE_LOOP_ANALYSIS = YES;
				CLANG_WARN_STRICT_PROTOTYPES = YES;
				CLANG_WARN_SUSPICIOUS_MOVE = YES;
				CLANG_WARN_UNGUARDED_AVAILABILITY = YES_AGGRESSIVE;
				CLANG_WARN_UNREACHABLE_CODE = YES;
				CLANG_WARN__DUPLICATE_METHOD_MATCH = YES;
				COPY_PHASE_STRIP = NO;
				DEBUG_INFORMATION_FORMAT = "dwarf-with-dsym";
				ENABLE_NS_ASSERTIONS = NO;
				ENABLE_STRICT_OBJC_MSGSEND = YES;
				GCC_C_LANGUAGE_STANDARD = gnu11;
				GCC_NO_COMMON_BLOCKS = YES;
				GCC_WARN_64_TO_32_BIT_CONVERSION = YES;
				GCC_WARN_ABOUT_RETURN_TYPE = YES_ERROR;
				GCC_WARN_UNDECLARED_SELECTOR = YES;
				GCC_WARN_UNINITIALIZED_AUTOS = YES_AGGRESSIVE;
				GCC_WARN_UNUSED_FUNCTION = YES;
				GCC_WARN_UNUSED_VARIABLE = YES;
				IPHONEOS_DEPLOYMENT_TARGET = 13.2;
				MTL_ENABLE_DEBUG_INFO = NO;
				MTL_FAST_MATH = YES;
				SDKROOT = iphoneos;
				SWIFT_COMPILATION_MODE = wholemodule;
				SWIFT_OPTIMIZATION_LEVEL = "-O";
				VALIDATE_PRODUCT = YES;
			};
			name = Release;
		};
		2A3EA68223ABE84B0035CEC7 /* Debug */ = {
			isa = XCBuildConfiguration;
			buildSettings = {
				ASSETCATALOG_COMPILER_APPICON_NAME = AppIcon;
				CODE_SIGN_STYLE = Automatic;
				DEVELOPMENT_TEAM = "";
				INFOPLIST_FILE = ITunesAPISearch/Info.plist;
				LD_RUNPATH_SEARCH_PATHS = (
					"$(inherited)",
					"@executable_path/Frameworks",
				);
				PRODUCT_BUNDLE_IDENTIFIER = com.cameronpartee.ITunesAPISearch;
				PRODUCT_NAME = ITunesAPISearch;
				SWIFT_VERSION = 5.0;
				TARGETED_DEVICE_FAMILY = "1,2";
			};
			name = Debug;
		};
		2A3EA68323ABE84B0035CEC7 /* Release */ = {
			isa = XCBuildConfiguration;
			buildSettings = {
				ASSETCATALOG_COMPILER_APPICON_NAME = AppIcon;
				CODE_SIGN_STYLE = Automatic;
				DEVELOPMENT_TEAM = "";
				INFOPLIST_FILE = ITunesAPISearch/Info.plist;
				LD_RUNPATH_SEARCH_PATHS = (
					"$(inherited)",
					"@executable_path/Frameworks",
				);
				PRODUCT_BUNDLE_IDENTIFIER = com.cameronpartee.ITunesAPISearch;
				PRODUCT_NAME = ITunesAPISearch;
				SWIFT_VERSION = 5.0;
				TARGETED_DEVICE_FAMILY = "1,2";
			};
			name = Release;
		};
/* End XCBuildConfiguration section */

/* Begin XCConfigurationList section */
		2A3EA66823ABE84A0035CEC7 /* Build configuration list for PBXProject "ITunesAPISearch" */ = {
			isa = XCConfigurationList;
			buildConfigurations = (
				2A3EA67F23ABE84B0035CEC7 /* Debug */,
				2A3EA68023ABE84B0035CEC7 /* Release */,
			);
			defaultConfigurationIsVisible = 0;
			defaultConfigurationName = Release;
		};
		2A3EA68123ABE84B0035CEC7 /* Build configuration list for PBXNativeTarget "ITunesAPISearch" */ = {
			isa = XCConfigurationList;
			buildConfigurations = (
				2A3EA68223ABE84B0035CEC7 /* Debug */,
				2A3EA68323ABE84B0035CEC7 /* Release */,
			);
			defaultConfigurationIsVisible = 0;
			defaultConfigurationName = Release;
		};
/* End XCConfigurationList section */
	};
	rootObject = 2A3EA66523ABE84A0035CEC7 /* Project object */;
}
